# THIS IS AN AUTOGENERATED FILE. DO NOT EDIT THIS FILE DIRECTLY.
# yarn lockfile v1


"@types/node@^10.14.15":
  version "10.17.37"
  resolved "https://registry.yarnpkg.com/@types/node/-/node-10.17.37.tgz#40d03db879993799c3819e298b003f055e8ecafe"
  integrity sha512-4c38N7p9k9yqdcANh/WExTahkBgOTmggCyrTvVcbE8ByqO3g8evt/407v/I4X/gdfUkIyZBSQh/Rc3tvuwlVGw==
